// !$*UTF8*$!
{
	archiveVersion = 1;
	classes = {
	};
	objectVersion = 56;
	objects = {

/* Begin PBXBuildFile section */
		2679E30493F30FCD94CF9B00 /* Pods_RPS_MultiplayerTests.framework in Frameworks */ = {isa = PBXBuildFile; fileRef = 9E59F7C084B0F596175ED905 /* Pods_RPS_MultiplayerTests.framework */; };
		8F8419987EEC32EA86832B4A /* Pods_RPS_Multiplayer.framework in Frameworks */ = {isa = PBXBuildFile; fileRef = FDF7157DF673C2143052925D /* Pods_RPS_Multiplayer.framework */; };
		A33081DE29534CFD009936D6 /* AppDelegate.swift in Sources */ = {isa = PBXBuildFile; fileRef = A33081DD29534CFD009936D6 /* AppDelegate.swift */; };
		A33081E029534CFD009936D6 /* SceneDelegate.swift in Sources */ = {isa = PBXBuildFile; fileRef = A33081DF29534CFD009936D6 /* SceneDelegate.swift */; };
		A33081E229534CFD009936D6 /* HomeScreen.swift in Sources */ = {isa = PBXBuildFile; fileRef = A33081E129534CFD009936D6 /* HomeScreen.swift */; };
		A33081E829534CFD009936D6 /* RPS_Multiplayer.xcdatamodeld in Sources */ = {isa = PBXBuildFile; fileRef = A33081E629534CFD009936D6 /* RPS_Multiplayer.xcdatamodeld */; };
		A33081EA29534CFF009936D6 /* Assets.xcassets in Resources */ = {isa = PBXBuildFile; fileRef = A33081E929534CFF009936D6 /* Assets.xcassets */; };
		A33081ED29534CFF009936D6 /* LaunchScreen.storyboard in Resources */ = {isa = PBXBuildFile; fileRef = A33081EB29534CFF009936D6 /* LaunchScreen.storyboard */; };
		A33081F829534D00009936D6 /* RPS_MultiplayerTests.swift in Sources */ = {isa = PBXBuildFile; fileRef = A33081F729534D00009936D6 /* RPS_MultiplayerTests.swift */; };
		A330820229534D00009936D6 /* RPS_MultiplayerUITests.swift in Sources */ = {isa = PBXBuildFile; fileRef = A330820129534D00009936D6 /* RPS_MultiplayerUITests.swift */; };
		A330820429534D00009936D6 /* RPS_MultiplayerUITestsLaunchTests.swift in Sources */ = {isa = PBXBuildFile; fileRef = A330820329534D00009936D6 /* RPS_MultiplayerUITestsLaunchTests.swift */; };
		A330821229535112009936D6 /* UITextfield+.swift in Sources */ = {isa = PBXBuildFile; fileRef = A330821129535112009936D6 /* UITextfield+.swift */; };
		A33082142953513D009936D6 /* NSLayout+.swift in Sources */ = {isa = PBXBuildFile; fileRef = A33082132953513D009936D6 /* NSLayout+.swift */; };
		A33082162953515E009936D6 /* UITableView+.swift in Sources */ = {isa = PBXBuildFile; fileRef = A33082152953515E009936D6 /* UITableView+.swift */; };
		A3308218295351AD009936D6 /* UIView+.swift in Sources */ = {isa = PBXBuildFile; fileRef = A3308217295351AD009936D6 /* UIView+.swift */; };
		A330821B29535207009936D6 /* Lottie in Frameworks */ = {isa = PBXBuildFile; productRef = A330821A29535207009936D6 /* Lottie */; };
		A3448D942962C97C00F988E8 /* swiftgen.yml in Resources */ = {isa = PBXBuildFile; fileRef = A3448D932962C97C00F988E8 /* swiftgen.yml */; };
		A3448D9B2962CAF300F988E8 /* L10n.swift in Sources */ = {isa = PBXBuildFile; fileRef = A3448D982962CAF300F988E8 /* L10n.swift */; };
		A3448DA32962CC0E00F988E8 /* Localizable.strings in Resources */ = {isa = PBXBuildFile; fileRef = A3448DA12962CC0E00F988E8 /* Localizable.strings */; };
		A3448DAA2962D44200F988E8 /* assets.swift in Sources */ = {isa = PBXBuildFile; fileRef = A3448DA92962D44200F988E8 /* assets.swift */; };
		A3448DAD2962E54B00F988E8 /* CustomRoundedButton.swift in Sources */ = {isa = PBXBuildFile; fileRef = A3448DAC2962E54B00F988E8 /* CustomRoundedButton.swift */; };
		A3448DAF2962E76400F988E8 /* UIButton+.swift in Sources */ = {isa = PBXBuildFile; fileRef = A3448DAE2962E76400F988E8 /* UIButton+.swift */; };
		A37505EB29646A290050E08B /* HomeViewModel.swift in Sources */ = {isa = PBXBuildFile; fileRef = A37505EA29646A290050E08B /* HomeViewModel.swift */; };
		A37845732965F1FB00AF68C0 /* MusicTableViewCell.swift in Sources */ = {isa = PBXBuildFile; fileRef = A37845722965F1FB00AF68C0 /* MusicTableViewCell.swift */; };
		A37845762965F20E00AF68C0 /* SoundTableViewCell.swift in Sources */ = {isa = PBXBuildFile; fileRef = A37845752965F20E00AF68C0 /* SoundTableViewCell.swift */; };
		A37845782965F2FE00AF68C0 /* LanguageTableViewCell.swift in Sources */ = {isa = PBXBuildFile; fileRef = A37845772965F2FE00AF68C0 /* LanguageTableViewCell.swift */; };
		A378457A2966039E00AF68C0 /* CustomSlider.swift in Sources */ = {isa = PBXBuildFile; fileRef = A37845792966039E00AF68C0 /* CustomSlider.swift */; };
		A38F1E012965963000F98621 /* SettingsViewController.swift in Sources */ = {isa = PBXBuildFile; fileRef = A38F1E002965963000F98621 /* SettingsViewController.swift */; };
		A38F1E042965964600F98621 /* SettingsViewModel.swift in Sources */ = {isa = PBXBuildFile; fileRef = A38F1E032965964600F98621 /* SettingsViewModel.swift */; };
		A38F1E072965965E00F98621 /* ShopViewController.swift in Sources */ = {isa = PBXBuildFile; fileRef = A38F1E062965965E00F98621 /* ShopViewController.swift */; };
		A38F1E092965966800F98621 /* ShopViewModel.swift in Sources */ = {isa = PBXBuildFile; fileRef = A38F1E082965966800F98621 /* ShopViewModel.swift */; };
		A38F1E0B296596EB00F98621 /* Coordinator.swift in Sources */ = {isa = PBXBuildFile; fileRef = A38F1E0A296596EB00F98621 /* Coordinator.swift */; };
		A3FA628D296AB3C900D6192C /* SinglePlayerInfoViewController.swift in Sources */ = {isa = PBXBuildFile; fileRef = A3FA628C296AB3C900D6192C /* SinglePlayerInfoViewController.swift */; };
		A3FA628F296AB83400D6192C /* AvatarImageView.swift in Sources */ = {isa = PBXBuildFile; fileRef = A3FA628E296AB83400D6192C /* AvatarImageView.swift */; };
		A3FA6292296AB9AC00D6192C /* Avatar.swift in Sources */ = {isa = PBXBuildFile; fileRef = A3FA6291296AB9AC00D6192C /* Avatar.swift */; };
		A3FA6296296AC60500D6192C /* Data.swift in Sources */ = {isa = PBXBuildFile; fileRef = A3FA6295296AC60500D6192C /* Data.swift */; };
		A3FA6298296AC7A300D6192C /* AvatarSelectionView.swift in Sources */ = {isa = PBXBuildFile; fileRef = A3FA6297296AC7A300D6192C /* AvatarSelectionView.swift */; };
		A3FA629B296AC8C000D6192C /* AvatarCollectionViewCell.swift in Sources */ = {isa = PBXBuildFile; fileRef = A3FA629A296AC8C000D6192C /* AvatarCollectionViewCell.swift */; };
		A3FA629D296AC91E00D6192C /* UICollectionView+.swift in Sources */ = {isa = PBXBuildFile; fileRef = A3FA629C296AC91E00D6192C /* UICollectionView+.swift */; };
		A3FA629F296ADF8100D6192C /* CustomTextfield.swift in Sources */ = {isa = PBXBuildFile; fileRef = A3FA629E296ADF8100D6192C /* CustomTextfield.swift */; };
		CF66C5757E2F8BB5C90B3544 /* Pods_RPS_Multiplayer_RPS_MultiplayerUITests.framework in Frameworks */ = {isa = PBXBuildFile; fileRef = 5CCB42DCAC20E63271D8820C /* Pods_RPS_Multiplayer_RPS_MultiplayerUITests.framework */; };
/* End PBXBuildFile section */

/* Begin PBXContainerItemProxy section */
		A33081F429534D00009936D6 /* PBXContainerItemProxy */ = {
			isa = PBXContainerItemProxy;
			containerPortal = A33081D229534CFD009936D6 /* Project object */;
			proxyType = 1;
			remoteGlobalIDString = A33081D929534CFD009936D6;
			remoteInfo = "RPS Multiplayer";
		};
		A33081FE29534D00009936D6 /* PBXContainerItemProxy */ = {
			isa = PBXContainerItemProxy;
			containerPortal = A33081D229534CFD009936D6 /* Project object */;
			proxyType = 1;
			remoteGlobalIDString = A33081D929534CFD009936D6;
			remoteInfo = "RPS Multiplayer";
		};
/* End PBXContainerItemProxy section */

/* Begin PBXFileReference section */
		080B6FE601CA705A17FA18C9 /* Pods-RPS MultiplayerTests.release.xcconfig */ = {isa = PBXFileReference; includeInIndex = 1; lastKnownFileType = text.xcconfig; name = "Pods-RPS MultiplayerTests.release.xcconfig"; path = "Target Support Files/Pods-RPS MultiplayerTests/Pods-RPS MultiplayerTests.release.xcconfig"; sourceTree = "<group>"; };
		1F59A3E621C16FC5B662F68D /* Pods-RPS Multiplayer-RPS MultiplayerUITests.debug.xcconfig */ = {isa = PBXFileReference; includeInIndex = 1; lastKnownFileType = text.xcconfig; name = "Pods-RPS Multiplayer-RPS MultiplayerUITests.debug.xcconfig"; path = "Target Support Files/Pods-RPS Multiplayer-RPS MultiplayerUITests/Pods-RPS Multiplayer-RPS MultiplayerUITests.debug.xcconfig"; sourceTree = "<group>"; };
		524DBE3BB9666E2CDB9023D8 /* Pods-RPS Multiplayer-RPS MultiplayerUITests.release.xcconfig */ = {isa = PBXFileReference; includeInIndex = 1; lastKnownFileType = text.xcconfig; name = "Pods-RPS Multiplayer-RPS MultiplayerUITests.release.xcconfig"; path = "Target Support Files/Pods-RPS Multiplayer-RPS MultiplayerUITests/Pods-RPS Multiplayer-RPS MultiplayerUITests.release.xcconfig"; sourceTree = "<group>"; };
		5CCB42DCAC20E63271D8820C /* Pods_RPS_Multiplayer_RPS_MultiplayerUITests.framework */ = {isa = PBXFileReference; explicitFileType = wrapper.framework; includeInIndex = 0; path = Pods_RPS_Multiplayer_RPS_MultiplayerUITests.framework; sourceTree = BUILT_PRODUCTS_DIR; };
		985CC9083D543376014EBCA9 /* Pods-RPS MultiplayerTests.debug.xcconfig */ = {isa = PBXFileReference; includeInIndex = 1; lastKnownFileType = text.xcconfig; name = "Pods-RPS MultiplayerTests.debug.xcconfig"; path = "Target Support Files/Pods-RPS MultiplayerTests/Pods-RPS MultiplayerTests.debug.xcconfig"; sourceTree = "<group>"; };
		9E59F7C084B0F596175ED905 /* Pods_RPS_MultiplayerTests.framework */ = {isa = PBXFileReference; explicitFileType = wrapper.framework; includeInIndex = 0; path = Pods_RPS_MultiplayerTests.framework; sourceTree = BUILT_PRODUCTS_DIR; };
		A33081DA29534CFD009936D6 /* RPS Multiplayer.app */ = {isa = PBXFileReference; explicitFileType = wrapper.application; includeInIndex = 0; path = "RPS Multiplayer.app"; sourceTree = BUILT_PRODUCTS_DIR; };
		A33081DD29534CFD009936D6 /* AppDelegate.swift */ = {isa = PBXFileReference; lastKnownFileType = sourcecode.swift; path = AppDelegate.swift; sourceTree = "<group>"; };
		A33081DF29534CFD009936D6 /* SceneDelegate.swift */ = {isa = PBXFileReference; lastKnownFileType = sourcecode.swift; path = SceneDelegate.swift; sourceTree = "<group>"; };
		A33081E129534CFD009936D6 /* HomeScreen.swift */ = {isa = PBXFileReference; lastKnownFileType = sourcecode.swift; path = HomeScreen.swift; sourceTree = "<group>"; };
		A33081E729534CFD009936D6 /* RPS_Multiplayer.xcdatamodel */ = {isa = PBXFileReference; lastKnownFileType = wrapper.xcdatamodel; path = RPS_Multiplayer.xcdatamodel; sourceTree = "<group>"; };
		A33081E929534CFF009936D6 /* Assets.xcassets */ = {isa = PBXFileReference; lastKnownFileType = folder.assetcatalog; path = Assets.xcassets; sourceTree = "<group>"; };
		A33081EC29534CFF009936D6 /* Base */ = {isa = PBXFileReference; lastKnownFileType = file.storyboard; name = Base; path = Base.lproj/LaunchScreen.storyboard; sourceTree = "<group>"; };
		A33081EE29534CFF009936D6 /* Info.plist */ = {isa = PBXFileReference; lastKnownFileType = text.plist.xml; path = Info.plist; sourceTree = "<group>"; };
		A33081F329534D00009936D6 /* RPS MultiplayerTests.xctest */ = {isa = PBXFileReference; explicitFileType = wrapper.cfbundle; includeInIndex = 0; path = "RPS MultiplayerTests.xctest"; sourceTree = BUILT_PRODUCTS_DIR; };
		A33081F729534D00009936D6 /* RPS_MultiplayerTests.swift */ = {isa = PBXFileReference; lastKnownFileType = sourcecode.swift; path = RPS_MultiplayerTests.swift; sourceTree = "<group>"; };
		A33081FD29534D00009936D6 /* RPS MultiplayerUITests.xctest */ = {isa = PBXFileReference; explicitFileType = wrapper.cfbundle; includeInIndex = 0; path = "RPS MultiplayerUITests.xctest"; sourceTree = BUILT_PRODUCTS_DIR; };
		A330820129534D00009936D6 /* RPS_MultiplayerUITests.swift */ = {isa = PBXFileReference; lastKnownFileType = sourcecode.swift; path = RPS_MultiplayerUITests.swift; sourceTree = "<group>"; };
		A330820329534D00009936D6 /* RPS_MultiplayerUITestsLaunchTests.swift */ = {isa = PBXFileReference; lastKnownFileType = sourcecode.swift; path = RPS_MultiplayerUITestsLaunchTests.swift; sourceTree = "<group>"; };
		A330821129535112009936D6 /* UITextfield+.swift */ = {isa = PBXFileReference; lastKnownFileType = sourcecode.swift; path = "UITextfield+.swift"; sourceTree = "<group>"; };
		A33082132953513D009936D6 /* NSLayout+.swift */ = {isa = PBXFileReference; lastKnownFileType = sourcecode.swift; path = "NSLayout+.swift"; sourceTree = "<group>"; };
		A33082152953515E009936D6 /* UITableView+.swift */ = {isa = PBXFileReference; lastKnownFileType = sourcecode.swift; path = "UITableView+.swift"; sourceTree = "<group>"; };
		A3308217295351AD009936D6 /* UIView+.swift */ = {isa = PBXFileReference; lastKnownFileType = sourcecode.swift; path = "UIView+.swift"; sourceTree = "<group>"; };
		A3448D932962C97C00F988E8 /* swiftgen.yml */ = {isa = PBXFileReference; fileEncoding = 4; lastKnownFileType = text.yaml; path = swiftgen.yml; sourceTree = "<group>"; };
		A3448D982962CAF300F988E8 /* L10n.swift */ = {isa = PBXFileReference; fileEncoding = 4; lastKnownFileType = sourcecode.swift; path = L10n.swift; sourceTree = "<group>"; };
		A3448DA22962CC0E00F988E8 /* Base */ = {isa = PBXFileReference; lastKnownFileType = text.plist.strings; name = Base; path = Base.lproj/Localizable.strings; sourceTree = "<group>"; };
		A3448DA92962D44200F988E8 /* assets.swift */ = {isa = PBXFileReference; fileEncoding = 4; lastKnownFileType = sourcecode.swift; path = assets.swift; sourceTree = "<group>"; };
		A3448DAC2962E54B00F988E8 /* CustomRoundedButton.swift */ = {isa = PBXFileReference; lastKnownFileType = sourcecode.swift; path = CustomRoundedButton.swift; sourceTree = "<group>"; };
		A3448DAE2962E76400F988E8 /* UIButton+.swift */ = {isa = PBXFileReference; lastKnownFileType = sourcecode.swift; path = "UIButton+.swift"; sourceTree = "<group>"; };
		A37505EA29646A290050E08B /* HomeViewModel.swift */ = {isa = PBXFileReference; lastKnownFileType = sourcecode.swift; path = HomeViewModel.swift; sourceTree = "<group>"; };
		A37845722965F1FB00AF68C0 /* MusicTableViewCell.swift */ = {isa = PBXFileReference; lastKnownFileType = sourcecode.swift; path = MusicTableViewCell.swift; sourceTree = "<group>"; };
		A37845752965F20E00AF68C0 /* SoundTableViewCell.swift */ = {isa = PBXFileReference; lastKnownFileType = sourcecode.swift; path = SoundTableViewCell.swift; sourceTree = "<group>"; };
		A37845772965F2FE00AF68C0 /* LanguageTableViewCell.swift */ = {isa = PBXFileReference; lastKnownFileType = sourcecode.swift; path = LanguageTableViewCell.swift; sourceTree = "<group>"; };
		A37845792966039E00AF68C0 /* CustomSlider.swift */ = {isa = PBXFileReference; lastKnownFileType = sourcecode.swift; path = CustomSlider.swift; sourceTree = "<group>"; };
		A38F1E002965963000F98621 /* SettingsViewController.swift */ = {isa = PBXFileReference; lastKnownFileType = sourcecode.swift; path = SettingsViewController.swift; sourceTree = "<group>"; };
		A38F1E032965964600F98621 /* SettingsViewModel.swift */ = {isa = PBXFileReference; lastKnownFileType = sourcecode.swift; path = SettingsViewModel.swift; sourceTree = "<group>"; };
		A38F1E062965965E00F98621 /* ShopViewController.swift */ = {isa = PBXFileReference; lastKnownFileType = sourcecode.swift; path = ShopViewController.swift; sourceTree = "<group>"; };
		A38F1E082965966800F98621 /* ShopViewModel.swift */ = {isa = PBXFileReference; lastKnownFileType = sourcecode.swift; path = ShopViewModel.swift; sourceTree = "<group>"; };
		A38F1E0A296596EB00F98621 /* Coordinator.swift */ = {isa = PBXFileReference; lastKnownFileType = sourcecode.swift; path = Coordinator.swift; sourceTree = "<group>"; };
		A3FA628C296AB3C900D6192C /* SinglePlayerInfoViewController.swift */ = {isa = PBXFileReference; lastKnownFileType = sourcecode.swift; path = SinglePlayerInfoViewController.swift; sourceTree = "<group>"; };
		A3FA628E296AB83400D6192C /* AvatarImageView.swift */ = {isa = PBXFileReference; lastKnownFileType = sourcecode.swift; path = AvatarImageView.swift; sourceTree = "<group>"; };
		A3FA6291296AB9AC00D6192C /* Avatar.swift */ = {isa = PBXFileReference; lastKnownFileType = sourcecode.swift; path = Avatar.swift; sourceTree = "<group>"; };
		A3FA6295296AC60500D6192C /* Data.swift */ = {isa = PBXFileReference; lastKnownFileType = sourcecode.swift; path = Data.swift; sourceTree = "<group>"; };
		A3FA6297296AC7A300D6192C /* AvatarSelectionView.swift */ = {isa = PBXFileReference; lastKnownFileType = sourcecode.swift; path = AvatarSelectionView.swift; sourceTree = "<group>"; };
		A3FA629A296AC8C000D6192C /* AvatarCollectionViewCell.swift */ = {isa = PBXFileReference; lastKnownFileType = sourcecode.swift; path = AvatarCollectionViewCell.swift; sourceTree = "<group>"; };
		A3FA629C296AC91E00D6192C /* UICollectionView+.swift */ = {isa = PBXFileReference; lastKnownFileType = sourcecode.swift; name = "UICollectionView+.swift"; path = "../../../../../Documents/UICollectionView+.swift"; sourceTree = "<group>"; };
		A3FA629E296ADF8100D6192C /* CustomTextfield.swift */ = {isa = PBXFileReference; lastKnownFileType = sourcecode.swift; path = CustomTextfield.swift; sourceTree = "<group>"; };
		B7B3260F2C880026EAB96CED /* Pods-RPS Multiplayer.release.xcconfig */ = {isa = PBXFileReference; includeInIndex = 1; lastKnownFileType = text.xcconfig; name = "Pods-RPS Multiplayer.release.xcconfig"; path = "Target Support Files/Pods-RPS Multiplayer/Pods-RPS Multiplayer.release.xcconfig"; sourceTree = "<group>"; };
		E36C3175F60AECA85ADCEC76 /* Pods-RPS Multiplayer.debug.xcconfig */ = {isa = PBXFileReference; includeInIndex = 1; lastKnownFileType = text.xcconfig; name = "Pods-RPS Multiplayer.debug.xcconfig"; path = "Target Support Files/Pods-RPS Multiplayer/Pods-RPS Multiplayer.debug.xcconfig"; sourceTree = "<group>"; };
		FDF7157DF673C2143052925D /* Pods_RPS_Multiplayer.framework */ = {isa = PBXFileReference; explicitFileType = wrapper.framework; includeInIndex = 0; path = Pods_RPS_Multiplayer.framework; sourceTree = BUILT_PRODUCTS_DIR; };
/* End PBXFileReference section */

/* Begin PBXFrameworksBuildPhase section */
		A33081D729534CFD009936D6 /* Frameworks */ = {
			isa = PBXFrameworksBuildPhase;
			buildActionMask = 2147483647;
			files = (
				A330821B29535207009936D6 /* Lottie in Frameworks */,
				8F8419987EEC32EA86832B4A /* Pods_RPS_Multiplayer.framework in Frameworks */,
			);
			runOnlyForDeploymentPostprocessing = 0;
		};
		A33081F029534D00009936D6 /* Frameworks */ = {
			isa = PBXFrameworksBuildPhase;
			buildActionMask = 2147483647;
			files = (
				2679E30493F30FCD94CF9B00 /* Pods_RPS_MultiplayerTests.framework in Frameworks */,
			);
			runOnlyForDeploymentPostprocessing = 0;
		};
		A33081FA29534D00009936D6 /* Frameworks */ = {
			isa = PBXFrameworksBuildPhase;
			buildActionMask = 2147483647;
			files = (
				CF66C5757E2F8BB5C90B3544 /* Pods_RPS_Multiplayer_RPS_MultiplayerUITests.framework in Frameworks */,
			);
			runOnlyForDeploymentPostprocessing = 0;
		};
/* End PBXFrameworksBuildPhase section */

/* Begin PBXGroup section */
		1AB8050AD979CF98754B45B3 /* Frameworks */ = {
			isa = PBXGroup;
			children = (
				FDF7157DF673C2143052925D /* Pods_RPS_Multiplayer.framework */,
				5CCB42DCAC20E63271D8820C /* Pods_RPS_Multiplayer_RPS_MultiplayerUITests.framework */,
				9E59F7C084B0F596175ED905 /* Pods_RPS_MultiplayerTests.framework */,
			);
			name = Frameworks;
			sourceTree = "<group>";
		};
		A33081D129534CFD009936D6 = {
			isa = PBXGroup;
			children = (
				A3448D932962C97C00F988E8 /* swiftgen.yml */,
				A33081DC29534CFD009936D6 /* RPS Multiplayer */,
				A33081F629534D00009936D6 /* RPS MultiplayerTests */,
				A330820029534D00009936D6 /* RPS MultiplayerUITests */,
				A33081DB29534CFD009936D6 /* Products */,
				EAFA62E56B2B5F7BD9D45388 /* Pods */,
				1AB8050AD979CF98754B45B3 /* Frameworks */,
			);
			sourceTree = "<group>";
		};
		A33081DB29534CFD009936D6 /* Products */ = {
			isa = PBXGroup;
			children = (
				A33081DA29534CFD009936D6 /* RPS Multiplayer.app */,
				A33081F329534D00009936D6 /* RPS MultiplayerTests.xctest */,
				A33081FD29534D00009936D6 /* RPS MultiplayerUITests.xctest */,
			);
			name = Products;
			sourceTree = "<group>";
		};
		A33081DC29534CFD009936D6 /* RPS Multiplayer */ = {
			isa = PBXGroup;
			children = (
				A3448D922962C4EF00F988E8 /* SwiftGen */,
				A330821F2953565A009936D6 /* Ressources */,
				A3FA6294296AC5E200D6192C /* Data */,
				A3FA6290296AB99C00D6192C /* Model */,
				A330821C2953536D009936D6 /* Coordinator */,
				A3308210295350D4009936D6 /* Extensions */,
				A3448DAB2962E52900F988E8 /* Views */,
				A330821E2953563D009936D6 /* Core */,
				A33081E929534CFF009936D6 /* Assets.xcassets */,
				A33081EB29534CFF009936D6 /* LaunchScreen.storyboard */,
				A3448DA12962CC0E00F988E8 /* Localizable.strings */,
				A33081EE29534CFF009936D6 /* Info.plist */,
				A33081E629534CFD009936D6 /* RPS_Multiplayer.xcdatamodeld */,
			);
			path = "RPS Multiplayer";
			sourceTree = "<group>";
		};
		A33081F629534D00009936D6 /* RPS MultiplayerTests */ = {
			isa = PBXGroup;
			children = (
				A33081F729534D00009936D6 /* RPS_MultiplayerTests.swift */,
			);
			path = "RPS MultiplayerTests";
			sourceTree = "<group>";
		};
		A330820029534D00009936D6 /* RPS MultiplayerUITests */ = {
			isa = PBXGroup;
			children = (
				A330820129534D00009936D6 /* RPS_MultiplayerUITests.swift */,
				A330820329534D00009936D6 /* RPS_MultiplayerUITestsLaunchTests.swift */,
			);
			path = "RPS MultiplayerUITests";
			sourceTree = "<group>";
		};
		A3308210295350D4009936D6 /* Extensions */ = {
			isa = PBXGroup;
			children = (
				A330821129535112009936D6 /* UITextfield+.swift */,
				A33082132953513D009936D6 /* NSLayout+.swift */,
				A33082152953515E009936D6 /* UITableView+.swift */,
				A3308217295351AD009936D6 /* UIView+.swift */,
				A3448DAE2962E76400F988E8 /* UIButton+.swift */,
				A3FA629C296AC91E00D6192C /* UICollectionView+.swift */,
			);
			path = Extensions;
			sourceTree = "<group>";
		};
		A330821C2953536D009936D6 /* Coordinator */ = {
			isa = PBXGroup;
			children = (
				A38F1E0A296596EB00F98621 /* Coordinator.swift */,
			);
			path = Coordinator;
			sourceTree = "<group>";
		};
		A330821D295355B8009936D6 /* ViewControllers */ = {
			isa = PBXGroup;
			children = (
				A33081E129534CFD009936D6 /* HomeScreen.swift */,
			);
			path = ViewControllers;
			sourceTree = "<group>";
		};
		A330821E2953563D009936D6 /* Core */ = {
			isa = PBXGroup;
			children = (
				A37505EF29646A6F0050E08B /* Multiplayer */,
				A37505EE29646A690050E08B /* SinglePlayer */,
				A37505ED29646A5C0050E08B /* Shop */,
				A37505EC29646A540050E08B /* Settings */,
				A37505E7296469D10050E08B /* Home */,
			);
			path = Core;
			sourceTree = "<group>";
		};
		A330821F2953565A009936D6 /* Ressources */ = {
			isa = PBXGroup;
			children = (
				A33081DD29534CFD009936D6 /* AppDelegate.swift */,
				A33081DF29534CFD009936D6 /* SceneDelegate.swift */,
			);
			path = Ressources;
			sourceTree = "<group>";
		};
		A3448D922962C4EF00F988E8 /* SwiftGen */ = {
			isa = PBXGroup;
			children = (
				A3448DA92962D44200F988E8 /* assets.swift */,
				A3448D982962CAF300F988E8 /* L10n.swift */,
			);
			path = SwiftGen;
			sourceTree = "<group>";
		};
		A3448DAB2962E52900F988E8 /* Views */ = {
			isa = PBXGroup;
			children = (
				A3FA6299296AC86D00D6192C /* Avatars */,
				A3448DAC2962E54B00F988E8 /* CustomRoundedButton.swift */,
				A37845792966039E00AF68C0 /* CustomSlider.swift */,
				A3FA628E296AB83400D6192C /* AvatarImageView.swift */,
				A3FA629E296ADF8100D6192C /* CustomTextfield.swift */,
			);
			path = Views;
			sourceTree = "<group>";
		};
		A37505E7296469D10050E08B /* Home */ = {
			isa = PBXGroup;
			children = (
				A37505E929646A1A0050E08B /* ViewModel */,
				A330821D295355B8009936D6 /* ViewControllers */,
			);
			path = Home;
			sourceTree = "<group>";
		};
		A37505E929646A1A0050E08B /* ViewModel */ = {
			isa = PBXGroup;
			children = (
				A37505EA29646A290050E08B /* HomeViewModel.swift */,
			);
			path = ViewModel;
			sourceTree = "<group>";
		};
		A37505EC29646A540050E08B /* Settings */ = {
			isa = PBXGroup;
			children = (
				A37845712965F1DF00AF68C0 /* Views */,
				A38F1DF9296595D400F98621 /* ViewModel */,
				A38F1DF8296595C700F98621 /* ViewControllers */,
			);
			path = Settings;
			sourceTree = "<group>";
		};
		A37505ED29646A5C0050E08B /* Shop */ = {
			isa = PBXGroup;
			children = (
				A38F1DFA296595E000F98621 /* ViewModel */,
				A38F1DFB296595E700F98621 /* ViewControllers */,
			);
			path = Shop;
			sourceTree = "<group>";
		};
		A37505EE29646A690050E08B /* SinglePlayer */ = {
			isa = PBXGroup;
			children = (
				A38F1DFD296595F700F98621 /* ViewModel */,
				A38F1DFC296595EF00F98621 /* ViewControllers */,
			);
			path = SinglePlayer;
			sourceTree = "<group>";
		};
		A37505EF29646A6F0050E08B /* Multiplayer */ = {
			isa = PBXGroup;
			children = (
				A38F1DFF2965960400F98621 /* ViewModel */,
				A38F1DFE296595FD00F98621 /* ViewControllers */,
			);
			path = Multiplayer;
			sourceTree = "<group>";
		};
		A37845712965F1DF00AF68C0 /* Views */ = {
			isa = PBXGroup;
			children = (
				A37845722965F1FB00AF68C0 /* MusicTableViewCell.swift */,
				A37845752965F20E00AF68C0 /* SoundTableViewCell.swift */,
				A37845772965F2FE00AF68C0 /* LanguageTableViewCell.swift */,
			);
			path = Views;
			sourceTree = "<group>";
		};
		A38F1DF8296595C700F98621 /* ViewControllers */ = {
			isa = PBXGroup;
			children = (
				A38F1E002965963000F98621 /* SettingsViewController.swift */,
			);
			path = ViewControllers;
			sourceTree = "<group>";
		};
		A38F1DF9296595D400F98621 /* ViewModel */ = {
			isa = PBXGroup;
			children = (
				A38F1E032965964600F98621 /* SettingsViewModel.swift */,
			);
			path = ViewModel;
			sourceTree = "<group>";
		};
		A38F1DFA296595E000F98621 /* ViewModel */ = {
			isa = PBXGroup;
			children = (
				A38F1E082965966800F98621 /* ShopViewModel.swift */,
			);
			path = ViewModel;
			sourceTree = "<group>";
		};
		A38F1DFB296595E700F98621 /* ViewControllers */ = {
			isa = PBXGroup;
			children = (
				A38F1E062965965E00F98621 /* ShopViewController.swift */,
			);
			path = ViewControllers;
			sourceTree = "<group>";
		};
		A38F1DFC296595EF00F98621 /* ViewControllers */ = {
			isa = PBXGroup;
			children = (
				A3FA628C296AB3C900D6192C /* SinglePlayerInfoViewController.swift */,
			);
			path = ViewControllers;
			sourceTree = "<group>";
		};
		A38F1DFD296595F700F98621 /* ViewModel */ = {
			isa = PBXGroup;
			children = (
			);
			path = ViewModel;
			sourceTree = "<group>";
		};
		A38F1DFE296595FD00F98621 /* ViewControllers */ = {
			isa = PBXGroup;
			children = (
			);
			path = ViewControllers;
			sourceTree = "<group>";
		};
		A38F1DFF2965960400F98621 /* ViewModel */ = {
			isa = PBXGroup;
			children = (
			);
			path = ViewModel;
			sourceTree = "<group>";
		};
		A3FA6290296AB99C00D6192C /* Model */ = {
			isa = PBXGroup;
			children = (
				A3FA6291296AB9AC00D6192C /* Avatar.swift */,
			);
			path = Model;
			sourceTree = "<group>";
		};
		A3FA6294296AC5E200D6192C /* Data */ = {
			isa = PBXGroup;
			children = (
				A3FA6295296AC60500D6192C /* Data.swift */,
			);
			path = Data;
			sourceTree = "<group>";
		};
		A3FA6299296AC86D00D6192C /* Avatars */ = {
			isa = PBXGroup;
			children = (
				A3FA6297296AC7A300D6192C /* AvatarSelectionView.swift */,
				A3FA629A296AC8C000D6192C /* AvatarCollectionViewCell.swift */,
			);
			path = Avatars;
			sourceTree = "<group>";
		};
		EAFA62E56B2B5F7BD9D45388 /* Pods */ = {
			isa = PBXGroup;
			children = (
				E36C3175F60AECA85ADCEC76 /* Pods-RPS Multiplayer.debug.xcconfig */,
				B7B3260F2C880026EAB96CED /* Pods-RPS Multiplayer.release.xcconfig */,
				1F59A3E621C16FC5B662F68D /* Pods-RPS Multiplayer-RPS MultiplayerUITests.debug.xcconfig */,
				524DBE3BB9666E2CDB9023D8 /* Pods-RPS Multiplayer-RPS MultiplayerUITests.release.xcconfig */,
				985CC9083D543376014EBCA9 /* Pods-RPS MultiplayerTests.debug.xcconfig */,
				080B6FE601CA705A17FA18C9 /* Pods-RPS MultiplayerTests.release.xcconfig */,
			);
			path = Pods;
			sourceTree = "<group>";
		};
/* End PBXGroup section */

/* Begin PBXNativeTarget section */
		A33081D929534CFD009936D6 /* RPS Multiplayer */ = {
			isa = PBXNativeTarget;
			buildConfigurationList = A330820729534D00009936D6 /* Build configuration list for PBXNativeTarget "RPS Multiplayer" */;
			buildPhases = (
				48AAAABD9AD54A111357E31F /* [CP] Check Pods Manifest.lock */,
				A3448DA42962CC4300F988E8 /* SwiftGen */,
				A33081D629534CFD009936D6 /* Sources */,
				A33081D729534CFD009936D6 /* Frameworks */,
				A33081D829534CFD009936D6 /* Resources */,
			);
			buildRules = (
			);
			dependencies = (
			);
			name = "RPS Multiplayer";
			packageProductDependencies = (
				A330821A29535207009936D6 /* Lottie */,
			);
			productName = "RPS Multiplayer";
			productReference = A33081DA29534CFD009936D6 /* RPS Multiplayer.app */;
			productType = "com.apple.product-type.application";
		};
		A33081F229534D00009936D6 /* RPS MultiplayerTests */ = {
			isa = PBXNativeTarget;
			buildConfigurationList = A330820A29534D00009936D6 /* Build configuration list for PBXNativeTarget "RPS MultiplayerTests" */;
			buildPhases = (
				4CA1B050F54ABFEFF8805F82 /* [CP] Check Pods Manifest.lock */,
				A33081EF29534D00009936D6 /* Sources */,
				A33081F029534D00009936D6 /* Frameworks */,
				A33081F129534D00009936D6 /* Resources */,
			);
			buildRules = (
			);
			dependencies = (
				A33081F529534D00009936D6 /* PBXTargetDependency */,
			);
			name = "RPS MultiplayerTests";
			productName = "RPS MultiplayerTests";
			productReference = A33081F329534D00009936D6 /* RPS MultiplayerTests.xctest */;
			productType = "com.apple.product-type.bundle.unit-test";
		};
		A33081FC29534D00009936D6 /* RPS MultiplayerUITests */ = {
			isa = PBXNativeTarget;
			buildConfigurationList = A330820D29534D00009936D6 /* Build configuration list for PBXNativeTarget "RPS MultiplayerUITests" */;
			buildPhases = (
				30DD97BEE56F4DDC073F06B0 /* [CP] Check Pods Manifest.lock */,
				A33081F929534D00009936D6 /* Sources */,
				A33081FA29534D00009936D6 /* Frameworks */,
				A33081FB29534D00009936D6 /* Resources */,
			);
			buildRules = (
			);
			dependencies = (
				A33081FF29534D00009936D6 /* PBXTargetDependency */,
			);
			name = "RPS MultiplayerUITests";
			productName = "RPS MultiplayerUITests";
			productReference = A33081FD29534D00009936D6 /* RPS MultiplayerUITests.xctest */;
			productType = "com.apple.product-type.bundle.ui-testing";
		};
/* End PBXNativeTarget section */

/* Begin PBXProject section */
		A33081D229534CFD009936D6 /* Project object */ = {
			isa = PBXProject;
			attributes = {
				BuildIndependentTargetsInParallel = 1;
				LastSwiftUpdateCheck = 1420;
				LastUpgradeCheck = 1420;
				TargetAttributes = {
					A33081D929534CFD009936D6 = {
						CreatedOnToolsVersion = 14.2;
					};
					A33081F229534D00009936D6 = {
						CreatedOnToolsVersion = 14.2;
						TestTargetID = A33081D929534CFD009936D6;
					};
					A33081FC29534D00009936D6 = {
						CreatedOnToolsVersion = 14.2;
						TestTargetID = A33081D929534CFD009936D6;
					};
				};
			};
			buildConfigurationList = A33081D529534CFD009936D6 /* Build configuration list for PBXProject "RPS Multiplayer" */;
			compatibilityVersion = "Xcode 14.0";
			developmentRegion = en;
			hasScannedForEncodings = 0;
			knownRegions = (
				en,
				Base,
			);
			mainGroup = A33081D129534CFD009936D6;
			packageReferences = (
				A330821929535206009936D6 /* XCRemoteSwiftPackageReference "lottie-ios" */,
			);
			productRefGroup = A33081DB29534CFD009936D6 /* Products */;
			projectDirPath = "";
			projectRoot = "";
			targets = (
				A33081D929534CFD009936D6 /* RPS Multiplayer */,
				A33081F229534D00009936D6 /* RPS MultiplayerTests */,
				A33081FC29534D00009936D6 /* RPS MultiplayerUITests */,
			);
		};
/* End PBXProject section */

/* Begin PBXResourcesBuildPhase section */
		A33081D829534CFD009936D6 /* Resources */ = {
			isa = PBXResourcesBuildPhase;
			buildActionMask = 2147483647;
			files = (
				A3448DA32962CC0E00F988E8 /* Localizable.strings in Resources */,
				A33081ED29534CFF009936D6 /* LaunchScreen.storyboard in Resources */,
				A33081EA29534CFF009936D6 /* Assets.xcassets in Resources */,
				A3448D942962C97C00F988E8 /* swiftgen.yml in Resources */,
			);
			runOnlyForDeploymentPostprocessing = 0;
		};
		A33081F129534D00009936D6 /* Resources */ = {
			isa = PBXResourcesBuildPhase;
			buildActionMask = 2147483647;
			files = (
			);
			runOnlyForDeploymentPostprocessing = 0;
		};
		A33081FB29534D00009936D6 /* Resources */ = {
			isa = PBXResourcesBuildPhase;
			buildActionMask = 2147483647;
			files = (
			);
			runOnlyForDeploymentPostprocessing = 0;
		};
/* End PBXResourcesBuildPhase section */

/* Begin PBXShellScriptBuildPhase section */
		30DD97BEE56F4DDC073F06B0 /* [CP] Check Pods Manifest.lock */ = {
			isa = PBXShellScriptBuildPhase;
			buildActionMask = 2147483647;
			files = (
			);
			inputFileListPaths = (
			);
			inputPaths = (
				"${PODS_PODFILE_DIR_PATH}/Podfile.lock",
				"${PODS_ROOT}/Manifest.lock",
			);
			name = "[CP] Check Pods Manifest.lock";
			outputFileListPaths = (
			);
			outputPaths = (
				"$(DERIVED_FILE_DIR)/Pods-RPS Multiplayer-RPS MultiplayerUITests-checkManifestLockResult.txt",
			);
			runOnlyForDeploymentPostprocessing = 0;
			shellPath = /bin/sh;
			shellScript = "diff \"${PODS_PODFILE_DIR_PATH}/Podfile.lock\" \"${PODS_ROOT}/Manifest.lock\" > /dev/null\nif [ $? != 0 ] ; then\n    # print error to STDERR\n    echo \"error: The sandbox is not in sync with the Podfile.lock. Run 'pod install' or update your CocoaPods installation.\" >&2\n    exit 1\nfi\n# This output is used by Xcode 'outputs' to avoid re-running this script phase.\necho \"SUCCESS\" > \"${SCRIPT_OUTPUT_FILE_0}\"\n";
			showEnvVarsInLog = 0;
		};
		48AAAABD9AD54A111357E31F /* [CP] Check Pods Manifest.lock */ = {
			isa = PBXShellScriptBuildPhase;
			buildActionMask = 2147483647;
			files = (
			);
			inputFileListPaths = (
			);
			inputPaths = (
				"${PODS_PODFILE_DIR_PATH}/Podfile.lock",
				"${PODS_ROOT}/Manifest.lock",
			);
			name = "[CP] Check Pods Manifest.lock";
			outputFileListPaths = (
			);
			outputPaths = (
				"$(DERIVED_FILE_DIR)/Pods-RPS Multiplayer-checkManifestLockResult.txt",
			);
			runOnlyForDeploymentPostprocessing = 0;
			shellPath = /bin/sh;
			shellScript = "diff \"${PODS_PODFILE_DIR_PATH}/Podfile.lock\" \"${PODS_ROOT}/Manifest.lock\" > /dev/null\nif [ $? != 0 ] ; then\n    # print error to STDERR\n    echo \"error: The sandbox is not in sync with the Podfile.lock. Run 'pod install' or update your CocoaPods installation.\" >&2\n    exit 1\nfi\n# This output is used by Xcode 'outputs' to avoid re-running this script phase.\necho \"SUCCESS\" > \"${SCRIPT_OUTPUT_FILE_0}\"\n";
			showEnvVarsInLog = 0;
		};
		4CA1B050F54ABFEFF8805F82 /* [CP] Check Pods Manifest.lock */ = {
			isa = PBXShellScriptBuildPhase;
			buildActionMask = 2147483647;
			files = (
			);
			inputFileListPaths = (
			);
			inputPaths = (
				"${PODS_PODFILE_DIR_PATH}/Podfile.lock",
				"${PODS_ROOT}/Manifest.lock",
			);
			name = "[CP] Check Pods Manifest.lock";
			outputFileListPaths = (
			);
			outputPaths = (
				"$(DERIVED_FILE_DIR)/Pods-RPS MultiplayerTests-checkManifestLockResult.txt",
			);
			runOnlyForDeploymentPostprocessing = 0;
			shellPath = /bin/sh;
			shellScript = "diff \"${PODS_PODFILE_DIR_PATH}/Podfile.lock\" \"${PODS_ROOT}/Manifest.lock\" > /dev/null\nif [ $? != 0 ] ; then\n    # print error to STDERR\n    echo \"error: The sandbox is not in sync with the Podfile.lock. Run 'pod install' or update your CocoaPods installation.\" >&2\n    exit 1\nfi\n# This output is used by Xcode 'outputs' to avoid re-running this script phase.\necho \"SUCCESS\" > \"${SCRIPT_OUTPUT_FILE_0}\"\n";
			showEnvVarsInLog = 0;
		};
		A3448DA42962CC4300F988E8 /* SwiftGen */ = {
			isa = PBXShellScriptBuildPhase;
			alwaysOutOfDate = 1;
			buildActionMask = 2147483647;
			files = (
			);
			inputFileListPaths = (
			);
			inputPaths = (
			);
			name = SwiftGen;
			outputFileListPaths = (
			);
			outputPaths = (
			);
			runOnlyForDeploymentPostprocessing = 0;
			shellPath = /bin/sh;
			shellScript = "# Type a script or drag a script file from your workspace to insert its path.\nPods/SwiftGen/bin/swiftgen\n";
		};
/* End PBXShellScriptBuildPhase section */

/* Begin PBXSourcesBuildPhase section */
		A33081D629534CFD009936D6 /* Sources */ = {
			isa = PBXSourcesBuildPhase;
			buildActionMask = 2147483647;
			files = (
				A33081E829534CFD009936D6 /* RPS_Multiplayer.xcdatamodeld in Sources */,
				A33081E229534CFD009936D6 /* HomeScreen.swift in Sources */,
				A33081DE29534CFD009936D6 /* AppDelegate.swift in Sources */,
				A330821229535112009936D6 /* UITextfield+.swift in Sources */,
				A38F1E092965966800F98621 /* ShopViewModel.swift in Sources */,
				A3448DAD2962E54B00F988E8 /* CustomRoundedButton.swift in Sources */,
				A3FA628D296AB3C900D6192C /* SinglePlayerInfoViewController.swift in Sources */,
				A37845782965F2FE00AF68C0 /* LanguageTableViewCell.swift in Sources */,
				A38F1E042965964600F98621 /* SettingsViewModel.swift in Sources */,
				A3448DAA2962D44200F988E8 /* assets.swift in Sources */,
				A38F1E0B296596EB00F98621 /* Coordinator.swift in Sources */,
				A3FA629D296AC91E00D6192C /* UICollectionView+.swift in Sources */,
				A3448D9B2962CAF300F988E8 /* L10n.swift in Sources */,
				A3448DAF2962E76400F988E8 /* UIButton+.swift in Sources */,
				A3FA6292296AB9AC00D6192C /* Avatar.swift in Sources */,
				A37505EB29646A290050E08B /* HomeViewModel.swift in Sources */,
				A378457A2966039E00AF68C0 /* CustomSlider.swift in Sources */,
				A37845732965F1FB00AF68C0 /* MusicTableViewCell.swift in Sources */,
				A38F1E012965963000F98621 /* SettingsViewController.swift in Sources */,
				A3308218295351AD009936D6 /* UIView+.swift in Sources */,
				A3FA629F296ADF8100D6192C /* CustomTextfield.swift in Sources */,
				A3FA629B296AC8C000D6192C /* AvatarCollectionViewCell.swift in Sources */,
				A37845762965F20E00AF68C0 /* SoundTableViewCell.swift in Sources */,
				A38F1E072965965E00F98621 /* ShopViewController.swift in Sources */,
				A3FA6296296AC60500D6192C /* Data.swift in Sources */,
				A33082142953513D009936D6 /* NSLayout+.swift in Sources */,
				A3FA6298296AC7A300D6192C /* AvatarSelectionView.swift in Sources */,
				A3FA628F296AB83400D6192C /* AvatarImageView.swift in Sources */,
				A33081E029534CFD009936D6 /* SceneDelegate.swift in Sources */,
				A33082162953515E009936D6 /* UITableView+.swift in Sources */,
			);
			runOnlyForDeploymentPostprocessing = 0;
		};
		A33081EF29534D00009936D6 /* Sources */ = {
			isa = PBXSourcesBuildPhase;
			buildActionMask = 2147483647;
			files = (
				A33081F829534D00009936D6 /* RPS_MultiplayerTests.swift in Sources */,
			);
			runOnlyForDeploymentPostprocessing = 0;
		};
		A33081F929534D00009936D6 /* Sources */ = {
			isa = PBXSourcesBuildPhase;
			buildActionMask = 2147483647;
			files = (
				A330820229534D00009936D6 /* RPS_MultiplayerUITests.swift in Sources */,
				A330820429534D00009936D6 /* RPS_MultiplayerUITestsLaunchTests.swift in Sources */,
			);
			runOnlyForDeploymentPostprocessing = 0;
		};
/* End PBXSourcesBuildPhase section */

/* Begin PBXTargetDependency section */
		A33081F529534D00009936D6 /* PBXTargetDependency */ = {
			isa = PBXTargetDependency;
			target = A33081D929534CFD009936D6 /* RPS Multiplayer */;
			targetProxy = A33081F429534D00009936D6 /* PBXContainerItemProxy */;
		};
		A33081FF29534D00009936D6 /* PBXTargetDependency */ = {
			isa = PBXTargetDependency;
			target = A33081D929534CFD009936D6 /* RPS Multiplayer */;
			targetProxy = A33081FE29534D00009936D6 /* PBXContainerItemProxy */;
		};
/* End PBXTargetDependency section */

/* Begin PBXVariantGroup section */
		A33081EB29534CFF009936D6 /* LaunchScreen.storyboard */ = {
			isa = PBXVariantGroup;
			children = (
				A33081EC29534CFF009936D6 /* Base */,
			);
			name = LaunchScreen.storyboard;
			sourceTree = "<group>";
		};
		A3448DA12962CC0E00F988E8 /* Localizable.strings */ = {
			isa = PBXVariantGroup;
			children = (
				A3448DA22962CC0E00F988E8 /* Base */,
			);
			name = Localizable.strings;
			sourceTree = "<group>";
		};
/* End PBXVariantGroup section */

/* Begin XCBuildConfiguration section */
		A330820529534D00009936D6 /* Debug */ = {
			isa = XCBuildConfiguration;
			buildSettings = {
				ALWAYS_SEARCH_USER_PATHS = NO;
				CLANG_ANALYZER_NONNULL = YES;
				CLANG_ANALYZER_NUMBER_OBJECT_CONVERSION = YES_AGGRESSIVE;
				CLANG_CXX_LANGUAGE_STANDARD = "gnu++20";
				CLANG_ENABLE_MODULES = YES;
				CLANG_ENABLE_OBJC_ARC = YES;
				CLANG_ENABLE_OBJC_WEAK = YES;
				CLANG_WARN_BLOCK_CAPTURE_AUTORELEASING = YES;
				CLANG_WARN_BOOL_CONVERSION = YES;
				CLANG_WARN_COMMA = YES;
				CLANG_WARN_CONSTANT_CONVERSION = YES;
				CLANG_WARN_DEPRECATED_OBJC_IMPLEMENTATIONS = YES;
				CLANG_WARN_DIRECT_OBJC_ISA_USAGE = YES_ERROR;
				CLANG_WARN_DOCUMENTATION_COMMENTS = YES;
				CLANG_WARN_EMPTY_BODY = YES;
				CLANG_WARN_ENUM_CONVERSION = YES;
				CLANG_WARN_INFINITE_RECURSION = YES;
				CLANG_WARN_INT_CONVERSION = YES;
				CLANG_WARN_NON_LITERAL_NULL_CONVERSION = YES;
				CLANG_WARN_OBJC_IMPLICIT_RETAIN_SELF = YES;
				CLANG_WARN_OBJC_LITERAL_CONVERSION = YES;
				CLANG_WARN_OBJC_ROOT_CLASS = YES_ERROR;
				CLANG_WARN_QUOTED_INCLUDE_IN_FRAMEWORK_HEADER = YES;
				CLANG_WARN_RANGE_LOOP_ANALYSIS = YES;
				CLANG_WARN_STRICT_PROTOTYPES = YES;
				CLANG_WARN_SUSPICIOUS_MOVE = YES;
				CLANG_WARN_UNGUARDED_AVAILABILITY = YES_AGGRESSIVE;
				CLANG_WARN_UNREACHABLE_CODE = YES;
				CLANG_WARN__DUPLICATE_METHOD_MATCH = YES;
				COPY_PHASE_STRIP = NO;
				DEBUG_INFORMATION_FORMAT = dwarf;
				ENABLE_STRICT_OBJC_MSGSEND = YES;
				ENABLE_TESTABILITY = YES;
				GCC_C_LANGUAGE_STANDARD = gnu11;
				GCC_DYNAMIC_NO_PIC = NO;
				GCC_NO_COMMON_BLOCKS = YES;
				GCC_OPTIMIZATION_LEVEL = 0;
				GCC_PREPROCESSOR_DEFINITIONS = (
					"DEBUG=1",
					"$(inherited)",
				);
				GCC_WARN_64_TO_32_BIT_CONVERSION = YES;
				GCC_WARN_ABOUT_RETURN_TYPE = YES_ERROR;
				GCC_WARN_UNDECLARED_SELECTOR = YES;
				GCC_WARN_UNINITIALIZED_AUTOS = YES_AGGRESSIVE;
				GCC_WARN_UNUSED_FUNCTION = YES;
				GCC_WARN_UNUSED_VARIABLE = YES;
				IPHONEOS_DEPLOYMENT_TARGET = 16.2;
				MTL_ENABLE_DEBUG_INFO = INCLUDE_SOURCE;
				MTL_FAST_MATH = YES;
				ONLY_ACTIVE_ARCH = YES;
				SDKROOT = iphoneos;
				SWIFT_ACTIVE_COMPILATION_CONDITIONS = DEBUG;
				SWIFT_OPTIMIZATION_LEVEL = "-Onone";
			};
			name = Debug;
		};
		A330820629534D00009936D6 /* Release */ = {
			isa = XCBuildConfiguration;
			buildSettings = {
				ALWAYS_SEARCH_USER_PATHS = NO;
				CLANG_ANALYZER_NONNULL = YES;
				CLANG_ANALYZER_NUMBER_OBJECT_CONVERSION = YES_AGGRESSIVE;
				CLANG_CXX_LANGUAGE_STANDARD = "gnu++20";
				CLANG_ENABLE_MODULES = YES;
				CLANG_ENABLE_OBJC_ARC = YES;
				CLANG_ENABLE_OBJC_WEAK = YES;
				CLANG_WARN_BLOCK_CAPTURE_AUTORELEASING = YES;
				CLANG_WARN_BOOL_CONVERSION = YES;
				CLANG_WARN_COMMA = YES;
				CLANG_WARN_CONSTANT_CONVERSION = YES;
				CLANG_WARN_DEPRECATED_OBJC_IMPLEMENTATIONS = YES;
				CLANG_WARN_DIRECT_OBJC_ISA_USAGE = YES_ERROR;
				CLANG_WARN_DOCUMENTATION_COMMENTS = YES;
				CLANG_WARN_EMPTY_BODY = YES;
				CLANG_WARN_ENUM_CONVERSION = YES;
				CLANG_WARN_INFINITE_RECURSION = YES;
				CLANG_WARN_INT_CONVERSION = YES;
				CLANG_WARN_NON_LITERAL_NULL_CONVERSION = YES;
				CLANG_WARN_OBJC_IMPLICIT_RETAIN_SELF = YES;
				CLANG_WARN_OBJC_LITERAL_CONVERSION = YES;
				CLANG_WARN_OBJC_ROOT_CLASS = YES_ERROR;
				CLANG_WARN_QUOTED_INCLUDE_IN_FRAMEWORK_HEADER = YES;
				CLANG_WARN_RANGE_LOOP_ANALYSIS = YES;
				CLANG_WARN_STRICT_PROTOTYPES = YES;
				CLANG_WARN_SUSPICIOUS_MOVE = YES;
				CLANG_WARN_UNGUARDED_AVAILABILITY = YES_AGGRESSIVE;
				CLANG_WARN_UNREACHABLE_CODE = YES;
				CLANG_WARN__DUPLICATE_METHOD_MATCH = YES;
				COPY_PHASE_STRIP = NO;
				DEBUG_INFORMATION_FORMAT = "dwarf-with-dsym";
				ENABLE_NS_ASSERTIONS = NO;
				ENABLE_STRICT_OBJC_MSGSEND = YES;
				GCC_C_LANGUAGE_STANDARD = gnu11;
				GCC_NO_COMMON_BLOCKS = YES;
				GCC_WARN_64_TO_32_BIT_CONVERSION = YES;
				GCC_WARN_ABOUT_RETURN_TYPE = YES_ERROR;
				GCC_WARN_UNDECLARED_SELECTOR = YES;
				GCC_WARN_UNINITIALIZED_AUTOS = YES_AGGRESSIVE;
				GCC_WARN_UNUSED_FUNCTION = YES;
				GCC_WARN_UNUSED_VARIABLE = YES;
				IPHONEOS_DEPLOYMENT_TARGET = 16.2;
				MTL_ENABLE_DEBUG_INFO = NO;
				MTL_FAST_MATH = YES;
				SDKROOT = iphoneos;
				SWIFT_COMPILATION_MODE = wholemodule;
				SWIFT_OPTIMIZATION_LEVEL = "-O";
				VALIDATE_PRODUCT = YES;
			};
			name = Release;
		};
		A330820829534D00009936D6 /* Debug */ = {
			isa = XCBuildConfiguration;
			baseConfigurationReference = E36C3175F60AECA85ADCEC76 /* Pods-RPS Multiplayer.debug.xcconfig */;
			buildSettings = {
				ASSETCATALOG_COMPILER_APPICON_NAME = AppIcon;
				ASSETCATALOG_COMPILER_GLOBAL_ACCENT_COLOR_NAME = AccentColor;
				CODE_SIGN_STYLE = Automatic;
				CURRENT_PROJECT_VERSION = 1;
				DEVELOPMENT_TEAM = X7FBND7W68;
				GENERATE_INFOPLIST_FILE = YES;
				INFOPLIST_FILE = "RPS Multiplayer/Info.plist";
				INFOPLIST_KEY_UIApplicationSupportsIndirectInputEvents = YES;
				INFOPLIST_KEY_UILaunchStoryboardName = LaunchScreen;
				INFOPLIST_KEY_UISupportedInterfaceOrientations_iPad = "UIInterfaceOrientationPortrait UIInterfaceOrientationPortraitUpsideDown UIInterfaceOrientationLandscapeLeft UIInterfaceOrientationLandscapeRight";
				INFOPLIST_KEY_UISupportedInterfaceOrientations_iPhone = "UIInterfaceOrientationPortrait UIInterfaceOrientationLandscapeLeft UIInterfaceOrientationLandscapeRight";
				LD_RUNPATH_SEARCH_PATHS = (
					"$(inherited)",
					"@executable_path/Frameworks",
				);
				MARKETING_VERSION = 1.0;
				PRODUCT_BUNDLE_IDENTIFIER = "com.Joseph.RPS-Multiplayer";
				PRODUCT_NAME = "$(TARGET_NAME)";
				SWIFT_EMIT_LOC_STRINGS = YES;
				SWIFT_VERSION = 5.0;
				TARGETED_DEVICE_FAMILY = "1,2";
			};
			name = Debug;
		};
		A330820929534D00009936D6 /* Release */ = {
			isa = XCBuildConfiguration;
			baseConfigurationReference = B7B3260F2C880026EAB96CED /* Pods-RPS Multiplayer.release.xcconfig */;
			buildSettings = {
				ASSETCATALOG_COMPILER_APPICON_NAME = AppIcon;
				ASSETCATALOG_COMPILER_GLOBAL_ACCENT_COLOR_NAME = AccentColor;
				CODE_SIGN_STYLE = Automatic;
				CURRENT_PROJECT_VERSION = 1;
				DEVELOPMENT_TEAM = X7FBND7W68;
				GENERATE_INFOPLIST_FILE = YES;
				INFOPLIST_FILE = "RPS Multiplayer/Info.plist";
				INFOPLIST_KEY_UIApplicationSupportsIndirectInputEvents = YES;
				INFOPLIST_KEY_UILaunchStoryboardName = LaunchScreen;
				INFOPLIST_KEY_UISupportedInterfaceOrientations_iPad = "UIInterfaceOrientationPortrait UIInterfaceOrientationPortraitUpsideDown UIInterfaceOrientationLandscapeLeft UIInterfaceOrientationLandscapeRight";
				INFOPLIST_KEY_UISupportedInterfaceOrientations_iPhone = "UIInterfaceOrientationPortrait UIInterfaceOrientationLandscapeLeft UIInterfaceOrientationLandscapeRight";
				LD_RUNPATH_SEARCH_PATHS = (
					"$(inherited)",
					"@executable_path/Frameworks",
				);
				MARKETING_VERSION = 1.0;
				PRODUCT_BUNDLE_IDENTIFIER = "com.Joseph.RPS-Multiplayer";
				PRODUCT_NAME = "$(TARGET_NAME)";
				SWIFT_EMIT_LOC_STRINGS = YES;
				SWIFT_VERSION = 5.0;
				TARGETED_DEVICE_FAMILY = "1,2";
			};
			name = Release;
		};
		A330820B29534D00009936D6 /* Debug */ = {
			isa = XCBuildConfiguration;
			baseConfigurationReference = 985CC9083D543376014EBCA9 /* Pods-RPS MultiplayerTests.debug.xcconfig */;
			buildSettings = {
				ALWAYS_EMBED_SWIFT_STANDARD_LIBRARIES = YES;
				BUNDLE_LOADER = "$(TEST_HOST)";
				CODE_SIGN_STYLE = Automatic;
				CURRENT_PROJECT_VERSION = 1;
				DEVELOPMENT_TEAM = X7FBND7W68;
				GENERATE_INFOPLIST_FILE = YES;
				IPHONEOS_DEPLOYMENT_TARGET = 16.2;
				MARKETING_VERSION = 1.0;
				PRODUCT_BUNDLE_IDENTIFIER = "com.Joseph.RPS-MultiplayerTests";
				PRODUCT_NAME = "$(TARGET_NAME)";
				SWIFT_EMIT_LOC_STRINGS = NO;
				SWIFT_VERSION = 5.0;
				TARGETED_DEVICE_FAMILY = "1,2";
				TEST_HOST = "$(BUILT_PRODUCTS_DIR)/RPS Multiplayer.app/$(BUNDLE_EXECUTABLE_FOLDER_PATH)/RPS Multiplayer";
			};
			name = Debug;
		};
		A330820C29534D00009936D6 /* Release */ = {
			isa = XCBuildConfiguration;
			baseConfigurationReference = 080B6FE601CA705A17FA18C9 /* Pods-RPS MultiplayerTests.release.xcconfig */;
			buildSettings = {
				ALWAYS_EMBED_SWIFT_STANDARD_LIBRARIES = YES;
				BUNDLE_LOADER = "$(TEST_HOST)";
				CODE_SIGN_STYLE = Automatic;
				CURRENT_PROJECT_VERSION = 1;
				DEVELOPMENT_TEAM = X7FBND7W68;
				GENERATE_INFOPLIST_FILE = YES;
				IPHONEOS_DEPLOYMENT_TARGET = 16.2;
				MARKETING_VERSION = 1.0;
				PRODUCT_BUNDLE_IDENTIFIER = "com.Joseph.RPS-MultiplayerTests";
				PRODUCT_NAME = "$(TARGET_NAME)";
				SWIFT_EMIT_LOC_STRINGS = NO;
				SWIFT_VERSION = 5.0;
				TARGETED_DEVICE_FAMILY = "1,2";
				TEST_HOST = "$(BUILT_PRODUCTS_DIR)/RPS Multiplayer.app/$(BUNDLE_EXECUTABLE_FOLDER_PATH)/RPS Multiplayer";
			};
			name = Release;
		};
		A330820E29534D00009936D6 /* Debug */ = {
			isa = XCBuildConfiguration;
			baseConfigurationReference = 1F59A3E621C16FC5B662F68D /* Pods-RPS Multiplayer-RPS MultiplayerUITests.debug.xcconfig */;
			buildSettings = {
				ALWAYS_EMBED_SWIFT_STANDARD_LIBRARIES = YES;
				CODE_SIGN_STYLE = Automatic;
				CURRENT_PROJECT_VERSION = 1;
				DEVELOPMENT_TEAM = X7FBND7W68;
				GENERATE_INFOPLIST_FILE = YES;
				MARKETING_VERSION = 1.0;
				PRODUCT_BUNDLE_IDENTIFIER = "com.Joseph.RPS-MultiplayerUITests";
				PRODUCT_NAME = "$(TARGET_NAME)";
				SWIFT_EMIT_LOC_STRINGS = NO;
				SWIFT_VERSION = 5.0;
				TARGETED_DEVICE_FAMILY = "1,2";
				TEST_TARGET_NAME = "RPS Multiplayer";
			};
			name = Debug;
		};
		A330820F29534D00009936D6 /* Release */ = {
			isa = XCBuildConfiguration;
			baseConfigurationReference = 524DBE3BB9666E2CDB9023D8 /* Pods-RPS Multiplayer-RPS MultiplayerUITests.release.xcconfig */;
			buildSettings = {
				ALWAYS_EMBED_SWIFT_STANDARD_LIBRARIES = YES;
				CODE_SIGN_STYLE = Automatic;
				CURRENT_PROJECT_VERSION = 1;
				DEVELOPMENT_TEAM = X7FBND7W68;
				GENERATE_INFOPLIST_FILE = YES;
				MARKETING_VERSION = 1.0;
				PRODUCT_BUNDLE_IDENTIFIER = "com.Joseph.RPS-MultiplayerUITests";
				PRODUCT_NAME = "$(TARGET_NAME)";
				SWIFT_EMIT_LOC_STRINGS = NO;
				SWIFT_VERSION = 5.0;
				TARGETED_DEVICE_FAMILY = "1,2";
				TEST_TARGET_NAME = "RPS Multiplayer";
			};
			name = Release;
		};
/* End XCBuildConfiguration section */

/* Begin XCConfigurationList section */
		A33081D529534CFD009936D6 /* Build configuration list for PBXProject "RPS Multiplayer" */ = {
			isa = XCConfigurationList;
			buildConfigurations = (
				A330820529534D00009936D6 /* Debug */,
				A330820629534D00009936D6 /* Release */,
			);
			defaultConfigurationIsVisible = 0;
			defaultConfigurationName = Release;
		};
		A330820729534D00009936D6 /* Build configuration list for PBXNativeTarget "RPS Multiplayer" */ = {
			isa = XCConfigurationList;
			buildConfigurations = (
				A330820829534D00009936D6 /* Debug */,
				A330820929534D00009936D6 /* Release */,
			);
			defaultConfigurationIsVisible = 0;
			defaultConfigurationName = Release;
		};
		A330820A29534D00009936D6 /* Build configuration list for PBXNativeTarget "RPS MultiplayerTests" */ = {
			isa = XCConfigurationList;
			buildConfigurations = (
				A330820B29534D00009936D6 /* Debug */,
				A330820C29534D00009936D6 /* Release */,
			);
			defaultConfigurationIsVisible = 0;
			defaultConfigurationName = Release;
		};
		A330820D29534D00009936D6 /* Build configuration list for PBXNativeTarget "RPS MultiplayerUITests" */ = {
			isa = XCConfigurationList;
			buildConfigurations = (
				A330820E29534D00009936D6 /* Debug */,
				A330820F29534D00009936D6 /* Release */,
			);
			defaultConfigurationIsVisible = 0;
			defaultConfigurationName = Release;
		};
/* End XCConfigurationList section */

/* Begin XCRemoteSwiftPackageReference section */
		A330821929535206009936D6 /* XCRemoteSwiftPackageReference "lottie-ios" */ = {
			isa = XCRemoteSwiftPackageReference;
			repositoryURL = "https://github.com/airbnb/lottie-ios.git";
			requirement = {
				kind = upToNextMajorVersion;
				minimumVersion = 4.0.0;
			};
		};
/* End XCRemoteSwiftPackageReference section */

/* Begin XCSwiftPackageProductDependency section */
		A330821A29535207009936D6 /* Lottie */ = {
			isa = XCSwiftPackageProductDependency;
			package = A330821929535206009936D6 /* XCRemoteSwiftPackageReference "lottie-ios" */;
			productName = Lottie;
		};
/* End XCSwiftPackageProductDependency section */

/* Begin XCVersionGroup section */
		A33081E629534CFD009936D6 /* RPS_Multiplayer.xcdatamodeld */ = {
			isa = XCVersionGroup;
			children = (
				A33081E729534CFD009936D6 /* RPS_Multiplayer.xcdatamodel */,
			);
			currentVersion = A33081E729534CFD009936D6 /* RPS_Multiplayer.xcdatamodel */;
			path = RPS_Multiplayer.xcdatamodeld;
			sourceTree = "<group>";
			versionGroupType = wrapper.xcdatamodel;
		};
/* End XCVersionGroup section */
	};
	rootObject = A33081D229534CFD009936D6 /* Project object */;
}
